
Microsoft Visual Studio Solution File, Format Version 12.00
# Visual Studio Version 16
VisualStudioVersion = 16.0.31129.286
MinimumVisualStudioVersion = 10.0.40219.1
Project("{FAE04EC0-301F-11D3-BF4B-00C04F79EFBC}") = "WabbaBot", "WabbaBot\WabbaBot.csproj", "{0950C217-8FE0-4DBE-B295-1A7C3923187C}"
EndProject
Global
	GlobalSection(SolutionConfigurationPlatforms) = preSolution
		Debug|Any CPU = Debug|Any CPU
		Release|Any CPU = Release|Any CPU
	EndGlobalSection
	GlobalSection(ProjectConfigurationPlatforms) = postSolution
		{0950C217-8FE0-4DBE-B295-1A7C3923187C}.Debug|Any CPU.ActiveCfg = Debug|Any CPU
		{0950C217-8FE0-4DBE-B295-1A7C3923187C}.Debug|Any CPU.Build.0 = Debug|Any CPU
		{0950C217-8FE0-4DBE-B295-1A7C3923187C}.Release|Any CPU.ActiveCfg = Release|Any CPU
		{0950C217-8FE0-4DBE-B295-1A7C3923187C}.Release|Any CPU.Build.0 = Release|Any CPU
	EndGlobalSection
	GlobalSection(SolutionProperties) = preSolution
		HideSolutionNode = FALSE
	EndGlobalSection
	GlobalSection(ExtensibilityGlobals) = postSolution
		SolutionGuid = {720FE275-DFF8-4754-958E-F18AA8E89F3D}
	EndGlobalSection
EndGlobal
